{
  "name": "arena_ai",
  "version": "1.0.0",
  "lockfileVersion": 3,
  "requires": true,
  "packages": {
    "": {
      "name": "arena_ai",
      "version": "1.0.0",
      "license": "ISC",
      "devDependencies": {
        "@types/screeps-arena": "^0.0.3",
        "lodash-es": "^4.17.21",
        "typescript": "^5.2.2"
      }
    },
    "node_modules/.pnpm/@types+screeps-arena@0.0.3/node_modules/@types/screeps-arena": {
      "version": "0.0.3",
      "dev": true,
      "license": "MIT"
    },
    "node_modules/.pnpm/lodash-es@4.17.21/node_modules/lodash-es": {
      "version": "4.17.21",
      "dev": true,
      "license": "MIT"
    },
    "node_modules/@types/screeps-arena": {
      "resolved": "node_modules/.pnpm/@types+screeps-arena@0.0.3/node_modules/@types/screeps-arena",
      "link": true
    },
    "node_modules/lodash-es": {
      "resolved": "node_modules/.pnpm/lodash-es@4.17.21/node_modules/lodash-es",
      "link": true
    },
    "node_modules/typescript": {
      "version": "5.2.2",
      "resolved": "https://registry.npmjs.org/typescript/-/typescript-5.2.2.tgz",
      "integrity": "sha512-mI4WrpHsbCIcwT9cF4FZvr80QUeKvsUsUvKDoR+X/7XHQH98xYD8YHZg7ANtz2GtZt/CBq2QJ0thkGJMHfqc1w==",
      "dev": true,
      "bin": {
        "tsc": "bin/tsc",
        "tsserver": "bin/tsserver"
      },
      "engines": {
        "node": ">=14.17"
      }
    }
  }
}
